// !$*UTF8*$!
{
	archiveVersion = 1;
	classes = {
	};
	objectVersion = 56;
	objects = {

/* Begin PBXBuildFile section */
		68807EE52CDC8D3D005E7E21 /* AppDelegate.swift in Sources */ = {isa = PBXBuildFile; fileRef = 68807EE42CDC8D3D005E7E21 /* AppDelegate.swift */; };
		68807EE72CDC8D3D005E7E21 /* SceneDelegate.swift in Sources */ = {isa = PBXBuildFile; fileRef = 68807EE62CDC8D3D005E7E21 /* SceneDelegate.swift */; };
		68807EE92CDC8D3D005E7E21 /* ViewController.swift in Sources */ = {isa = PBXBuildFile; fileRef = 68807EE82CDC8D3D005E7E21 /* ViewController.swift */; };
		68807EEC2CDC8D3D005E7E21 /* Base in Resources */ = {isa = PBXBuildFile; fileRef = 68807EEB2CDC8D3D005E7E21 /* Base */; };
		68807EEE2CDC8D3F005E7E21 /* Assets.xcassets in Resources */ = {isa = PBXBuildFile; fileRef = 68807EED2CDC8D3F005E7E21 /* Assets.xcassets */; };
		68807EF12CDC8D3F005E7E21 /* Base in Resources */ = {isa = PBXBuildFile; fileRef = 68807EF02CDC8D3F005E7E21 /* Base */; };
		68807EF92CDC8D96005E7E21 /* APIResponse.swift in Sources */ = {isa = PBXBuildFile; fileRef = 68807EF82CDC8D96005E7E21 /* APIResponse.swift */; };
		68807EFB2CDC98FB005E7E21 /* Constants.swift in Sources */ = {isa = PBXBuildFile; fileRef = 68807EFA2CDC98FB005E7E21 /* Constants.swift */; };
/* End PBXBuildFile section */

/* Begin PBXFileReference section */
		68807EE12CDC8D3D005E7E21 /* Aug_24_JSON_NestedWithDecoder_Imp_Demo.app */ = {isa = PBXFileReference; explicitFileType = wrapper.application; includeInIndex = 0; path = Aug_24_JSON_NestedWithDecoder_Imp_Demo.app; sourceTree = BUILT_PRODUCTS_DIR; };
		68807EE42CDC8D3D005E7E21 /* AppDelegate.swift */ = {isa = PBXFileReference; lastKnownFileType = sourcecode.swift; path = AppDelegate.swift; sourceTree = "<group>"; };
		68807EE62CDC8D3D005E7E21 /* SceneDelegate.swift */ = {isa = PBXFileReference; lastKnownFileType = sourcecode.swift; path = SceneDelegate.swift; sourceTree = "<group>"; };
		68807EE82CDC8D3D005E7E21 /* ViewController.swift */ = {isa = PBXFileReference; lastKnownFileType = sourcecode.swift; path = ViewController.swift; sourceTree = "<group>"; };
		68807EEB2CDC8D3D005E7E21 /* Base */ = {isa = PBXFileReference; lastKnownFileType = file.storyboard; name = Base; path = Base.lproj/Main.storyboard; sourceTree = "<group>"; };
		68807EED2CDC8D3F005E7E21 /* Assets.xcassets */ = {isa = PBXFileReference; lastKnownFileType = folder.assetcatalog; path = Assets.xcassets; sourceTree = "<group>"; };
		68807EF02CDC8D3F005E7E21 /* Base */ = {isa = PBXFileReference; lastKnownFileType = file.storyboard; name = Base; path = Base.lproj/LaunchScreen.storyboard; sourceTree = "<group>"; };
		68807EF22CDC8D3F005E7E21 /* Info.plist */ = {isa = PBXFileReference; lastKnownFileType = text.plist.xml; path = Info.plist; sourceTree = "<group>"; };
		68807EF82CDC8D96005E7E21 /* APIResponse.swift */ = {isa = PBXFileReference; lastKnownFileType = sourcecode.swift; path = APIResponse.swift; sourceTree = "<group>"; };
		68807EFA2CDC98FB005E7E21 /* Constants.swift */ = {isa = PBXFileReference; lastKnownFileType = sourcecode.swift; path = Constants.swift; sourceTree = "<group>"; };
/* End PBXFileReference section */

/* Begin PBXFrameworksBuildPhase section */
		68807EDE2CDC8D3D005E7E21 /* Frameworks */ = {
			isa = PBXFrameworksBuildPhase;
			buildActionMask = 2147483647;
			files = (
			);
			runOnlyForDeploymentPostprocessing = 0;
		};
/* End PBXFrameworksBuildPhase section */

/* Begin PBXGroup section */
		68807ED82CDC8D3D005E7E21 = {
			isa = PBXGroup;
			children = (
				68807EE32CDC8D3D005E7E21 /* Aug_24_JSON_NestedWithDecoder_Imp_Demo */,
				68807EE22CDC8D3D005E7E21 /* Products */,
			);
			sourceTree = "<group>";
		};
		68807EE22CDC8D3D005E7E21 /* Products */ = {
			isa = PBXGroup;
			children = (
				68807EE12CDC8D3D005E7E21 /* Aug_24_JSON_NestedWithDecoder_Imp_Demo.app */,
			);
			name = Products;
			sourceTree = "<group>";
		};
		68807EE32CDC8D3D005E7E21 /* Aug_24_JSON_NestedWithDecoder_Imp_Demo */ = {
			isa = PBXGroup;
			children = (
				68807EE42CDC8D3D005E7E21 /* AppDelegate.swift */,
				68807EE62CDC8D3D005E7E21 /* SceneDelegate.swift */,
				68807EE82CDC8D3D005E7E21 /* ViewController.swift */,
				68807EEA2CDC8D3D005E7E21 /* Main.storyboard */,
				68807EED2CDC8D3F005E7E21 /* Assets.xcassets */,
				68807EEF2CDC8D3F005E7E21 /* LaunchScreen.storyboard */,
				68807EF22CDC8D3F005E7E21 /* Info.plist */,
				68807EF82CDC8D96005E7E21 /* APIResponse.swift */,
				68807EFA2CDC98FB005E7E21 /* Constants.swift */,
			);
			path = Aug_24_JSON_NestedWithDecoder_Imp_Demo;
			sourceTree = "<group>";
		};
/* End PBXGroup section */

/* Begin PBXNativeTarget section */
		68807EE02CDC8D3D005E7E21 /* Aug_24_JSON_NestedWithDecoder_Imp_Demo */ = {
			isa = PBXNativeTarget;
			buildConfigurationList = 68807EF52CDC8D3F005E7E21 /* Build configuration list for PBXNativeTarget "Aug_24_JSON_NestedWithDecoder_Imp_Demo" */;
			buildPhases = (
				68807EDD2CDC8D3D005E7E21 /* Sources */,
				68807EDE2CDC8D3D005E7E21 /* Frameworks */,
				68807EDF2CDC8D3D005E7E21 /* Resources */,
			);
			buildRules = (
			);
			dependencies = (
			);
			name = Aug_24_JSON_NestedWithDecoder_Imp_Demo;
			productName = Aug_24_JSON_NestedWithDecoder_Imp_Demo;
			productReference = 68807EE12CDC8D3D005E7E21 /* Aug_24_JSON_NestedWithDecoder_Imp_Demo.app */;
			productType = "com.apple.product-type.application";
		};
/* End PBXNativeTarget section */

/* Begin PBXProject section */
		68807ED92CDC8D3D005E7E21 /* Project object */ = {
			isa = PBXProject;
			attributes = {
				BuildIndependentTargetsInParallel = 1;
				LastSwiftUpdateCheck = 1540;
				LastUpgradeCheck = 1540;
				TargetAttributes = {
					68807EE02CDC8D3D005E7E21 = {
						CreatedOnToolsVersion = 15.4;
					};
				};
			};
			buildConfigurationList = 68807EDC2CDC8D3D005E7E21 /* Build configuration list for PBXProject "Aug_24_JSON_NestedWithDecoder_Imp_Demo" */;
			compatibilityVersion = "Xcode 14.0";
			developmentRegion = en;
			hasScannedForEncodings = 0;
			knownRegions = (
				en,
				Base,
			);
			mainGroup = 68807ED82CDC8D3D005E7E21;
			productRefGroup = 68807EE22CDC8D3D005E7E21 /* Products */;
			projectDirPath = "";
			projectRoot = "";
			targets = (
				68807EE02CDC8D3D005E7E21 /* Aug_24_JSON_NestedWithDecoder_Imp_Demo */,
			);
		};
/* End PBXProject section */

/* Begin PBXResourcesBuildPhase section */
		68807EDF2CDC8D3D005E7E21 /* Resources */ = {
			isa = PBXResourcesBuildPhase;
			buildActionMask = 2147483647;
			files = (
				68807EEE2CDC8D3F005E7E21 /* Assets.xcassets in Resources */,
				68807EF12CDC8D3F005E7E21 /* Base in Resources */,
				68807EEC2CDC8D3D005E7E21 /* Base in Resources */,
			);
			runOnlyForDeploymentPostprocessing = 0;
		};
/* End PBXResourcesBuildPhase section */

/* Begin PBXSourcesBuildPhase section */
		68807EDD2CDC8D3D005E7E21 /* Sources */ = {
			isa = PBXSourcesBuildPhase;
			buildActionMask = 2147483647;
			files = (
				68807EFB2CDC98FB005E7E21 /* Constants.swift in Sources */,
				68807EE92CDC8D3D005E7E21 /* ViewController.swift in Sources */,
				68807EF92CDC8D96005E7E21 /* APIResponse.swift in Sources */,
				68807EE52CDC8D3D005E7E21 /* AppDelegate.swift in Sources */,
				68807EE72CDC8D3D005E7E21 /* SceneDelegate.swift in Sources */,
			);
			runOnlyForDeploymentPostprocessing = 0;
		};
/* End PBXSourcesBuildPhase section */

/* Begin PBXVariantGroup section */
		68807EEA2CDC8D3D005E7E21 /* Main.storyboard */ = {
			isa = PBXVariantGroup;
			children = (
				68807EEB2CDC8D3D005E7E21 /* Base */,
			);
			name = Main.storyboard;
			sourceTree = "<group>";
		};
		68807EEF2CDC8D3F005E7E21 /* LaunchScreen.storyboard */ = {
			isa = PBXVariantGroup;
			children = (
				68807EF02CDC8D3F005E7E21 /* Base */,
			);
			name = LaunchScreen.storyboard;
			sourceTree = "<group>";
		};
/* End PBXVariantGroup section */

/* Begin XCBuildConfiguration section */
		68807EF32CDC8D3F005E7E21 /* Debug */ = {
			isa = XCBuildConfiguration;
			buildSettings = {
				ALWAYS_SEARCH_USER_PATHS = NO;
				ASSETCATALOG_COMPILER_GENERATE_SWIFT_ASSET_SYMBOL_EXTENSIONS = YES;
				CLANG_ANALYZER_NONNULL = YES;
				CLANG_ANALYZER_NUMBER_OBJECT_CONVERSION = YES_AGGRESSIVE;
				CLANG_CXX_LANGUAGE_STANDARD = "gnu++20";
				CLANG_ENABLE_MODULES = YES;
				CLANG_ENABLE_OBJC_ARC = YES;
				CLANG_ENABLE_OBJC_WEAK = YES;
				CLANG_WARN_BLOCK_CAPTURE_AUTORELEASING = YES;
				CLANG_WARN_BOOL_CONVERSION = YES;
				CLANG_WARN_COMMA = YES;
				CLANG_WARN_CONSTANT_CONVERSION = YES;
				CLANG_WARN_DEPRECATED_OBJC_IMPLEMENTATIONS = YES;
				CLANG_WARN_DIRECT_OBJC_ISA_USAGE = YES_ERROR;
				CLANG_WARN_DOCUMENTATION_COMMENTS = YES;
				CLANG_WARN_EMPTY_BODY = YES;
				CLANG_WARN_ENUM_CONVERSION = YES;
				CLANG_WARN_INFINITE_RECURSION = YES;
				CLANG_WARN_INT_CONVERSION = YES;
				CLANG_WARN_NON_LITERAL_NULL_CONVERSION = YES;
				CLANG_WARN_OBJC_IMPLICIT_RETAIN_SELF = YES;
				CLANG_WARN_OBJC_LITERAL_CONVERSION = YES;
				CLANG_WARN_OBJC_ROOT_CLASS = YES_ERROR;
				CLANG_WARN_QUOTED_INCLUDE_IN_FRAMEWORK_HEADER = YES;
				CLANG_WARN_RANGE_LOOP_ANALYSIS = YES;
				CLANG_WARN_STRICT_PROTOTYPES = YES;
				CLANG_WARN_SUSPICIOUS_MOVE = YES;
				CLANG_WARN_UNGUARDED_AVAILABILITY = YES_AGGRESSIVE;
				CLANG_WARN_UNREACHABLE_CODE = YES;
				CLANG_WARN__DUPLICATE_METHOD_MATCH = YES;
				COPY_PHASE_STRIP = NO;
				DEBUG_INFORMATION_FORMAT = dwarf;
				ENABLE_STRICT_OBJC_MSGSEND = YES;
				ENABLE_TESTABILITY = YES;
				ENABLE_USER_SCRIPT_SANDBOXING = YES;
				GCC_C_LANGUAGE_STANDARD = gnu17;
				GCC_DYNAMIC_NO_PIC = NO;
				GCC_NO_COMMON_BLOCKS = YES;
				GCC_OPTIMIZATION_LEVEL = 0;
				GCC_PREPROCESSOR_DEFINITIONS = (
					"DEBUG=1",
					"$(inherited)",
				);
				GCC_WARN_64_TO_32_BIT_CONVERSION = YES;
				GCC_WARN_ABOUT_RETURN_TYPE = YES_ERROR;
				GCC_WARN_UNDECLARED_SELECTOR = YES;
				GCC_WARN_UNINITIALIZED_AUTOS = YES_AGGRESSIVE;
				GCC_WARN_UNUSED_FUNCTION = YES;
				GCC_WARN_UNUSED_VARIABLE = YES;
				IPHONEOS_DEPLOYMENT_TARGET = 17.5;
				LOCALIZATION_PREFERS_STRING_CATALOGS = YES;
				MTL_ENABLE_DEBUG_INFO = INCLUDE_SOURCE;
				MTL_FAST_MATH = YES;
				ONLY_ACTIVE_ARCH = YES;
				SDKROOT = iphoneos;
				SWIFT_ACTIVE_COMPILATION_CONDITIONS = "DEBUG $(inherited)";
				SWIFT_OPTIMIZATION_LEVEL = "-Onone";
			};
			name = Debug;
		};
		68807EF42CDC8D3F005E7E21 /* Release */ = {
			isa = XCBuildConfiguration;
			buildSettings = {
				ALWAYS_SEARCH_USER_PATHS = NO;
				ASSETCATALOG_COMPILER_GENERATE_SWIFT_ASSET_SYMBOL_EXTENSIONS = YES;
				CLANG_ANALYZER_NONNULL = YES;
				CLANG_ANALYZER_NUMBER_OBJECT_CONVERSION = YES_AGGRESSIVE;
				CLANG_CXX_LANGUAGE_STANDARD = "gnu++20";
				CLANG_ENABLE_MODULES = YES;
				CLANG_ENABLE_OBJC_ARC = YES;
				CLANG_ENABLE_OBJC_WEAK = YES;
				CLANG_WARN_BLOCK_CAPTURE_AUTORELEASING = YES;
				CLANG_WARN_BOOL_CONVERSION = YES;
				CLANG_WARN_COMMA = YES;
				CLANG_WARN_CONSTANT_CONVERSION = YES;
				CLANG_WARN_DEPRECATED_OBJC_IMPLEMENTATIONS = YES;
				CLANG_WARN_DIRECT_OBJC_ISA_USAGE = YES_ERROR;
				CLANG_WARN_DOCUMENTATION_COMMENTS = YES;
				CLANG_WARN_EMPTY_BODY = YES;
				CLANG_WARN_ENUM_CONVERSION = YES;
				CLANG_WARN_INFINITE_RECURSION = YES;
				CLANG_WARN_INT_CONVERSION = YES;
				CLANG_WARN_NON_LITERAL_NULL_CONVERSION = YES;
				CLANG_WARN_OBJC_IMPLICIT_RETAIN_SELF = YES;
				CLANG_WARN_OBJC_LITERAL_CONVERSION = YES;
				CLANG_WARN_OBJC_ROOT_CLASS = YES_ERROR;
				CLANG_WARN_QUOTED_INCLUDE_IN_FRAMEWORK_HEADER = YES;
				CLANG_WARN_RANGE_LOOP_ANALYSIS = YES;
				CLANG_WARN_STRICT_PROTOTYPES = YES;
				CLANG_WARN_SUSPICIOUS_MOVE = YES;
				CLANG_WARN_UNGUARDED_AVAILABILITY = YES_AGGRESSIVE;
				CLANG_WARN_UNREACHABLE_CODE = YES;
				CLANG_WARN__DUPLICATE_METHOD_MATCH = YES;
				COPY_PHASE_STRIP = NO;
				DEBUG_INFORMATION_FORMAT = "dwarf-with-dsym";
				ENABLE_NS_ASSERTIONS = NO;
				ENABLE_STRICT_OBJC_MSGSEND = YES;
				ENABLE_USER_SCRIPT_SANDBOXING = YES;
				GCC_C_LANGUAGE_STANDARD = gnu17;
				GCC_NO_COMMON_BLOCKS = YES;
				GCC_WARN_64_TO_32_BIT_CONVERSION = YES;
				GCC_WARN_ABOUT_RETURN_TYPE = YES_ERROR;
				GCC_WARN_UNDECLARED_SELECTOR = YES;
				GCC_WARN_UNINITIALIZED_AUTOS = YES_AGGRESSIVE;
				GCC_WARN_UNUSED_FUNCTION = YES;
				GCC_WARN_UNUSED_VARIABLE = YES;
				IPHONEOS_DEPLOYMENT_TARGET = 17.5;
				LOCALIZATION_PREFERS_STRING_CATALOGS = YES;
				MTL_ENABLE_DEBUG_INFO = NO;
				MTL_FAST_MATH = YES;
				SDKROOT = iphoneos;
				SWIFT_COMPILATION_MODE = wholemodule;
				VALIDATE_PRODUCT = YES;
			};
			name = Release;
		};
		68807EF62CDC8D3F005E7E21 /* Debug */ = {
			isa = XCBuildConfiguration;
			buildSettings = {
				ASSETCATALOG_COMPILER_APPICON_NAME = AppIcon;
				ASSETCATALOG_COMPILER_GLOBAL_ACCENT_COLOR_NAME = AccentColor;
				CODE_SIGN_STYLE = Automatic;
				CURRENT_PROJECT_VERSION = 1;
				DEVELOPMENT_TEAM = W669X37752;
				GENERATE_INFOPLIST_FILE = YES;
				INFOPLIST_FILE = Aug_24_JSON_NestedWithDecoder_Imp_Demo/Info.plist;
				INFOPLIST_KEY_UIApplicationSupportsIndirectInputEvents = YES;
				INFOPLIST_KEY_UILaunchStoryboardName = LaunchScreen;
				INFOPLIST_KEY_UIMainStoryboardFile = Main;
				INFOPLIST_KEY_UISupportedInterfaceOrientations_iPad = "UIInterfaceOrientationPortrait UIInterfaceOrientationPortraitUpsideDown UIInterfaceOrientationLandscapeLeft UIInterfaceOrientationLandscapeRight";
				INFOPLIST_KEY_UISupportedInterfaceOrientations_iPhone = "UIInterfaceOrientationPortrait UIInterfaceOrientationLandscapeLeft UIInterfaceOrientationLandscapeRight";
				LD_RUNPATH_SEARCH_PATHS = (
					"$(inherited)",
					"@executable_path/Frameworks",
				);
				MARKETING_VERSION = 1.0;
				PRODUCT_BUNDLE_IDENTIFIER = "in.bitcode.Aug-24-JSON-NestedWithDecoder-Imp-Demo";
				PRODUCT_NAME = "$(TARGET_NAME)";
				SWIFT_EMIT_LOC_STRINGS = YES;
				SWIFT_VERSION = 5.0;
				TARGETED_DEVICE_FAMILY = "1,2";
			};
			name = Debug;
		};
		68807EF72CDC8D3F005E7E21 /* Release */ = {
			isa = XCBuildConfiguration;
			buildSettings = {
				ASSETCATALOG_COMPILER_APPICON_NAME = AppIcon;
				ASSETCATALOG_COMPILER_GLOBAL_ACCENT_COLOR_NAME = AccentColor;
				CODE_SIGN_STYLE = Automatic;
				CURRENT_PROJECT_VERSION = 1;
				DEVELOPMENT_TEAM = W669X37752;
				GENERATE_INFOPLIST_FILE = YES;
				INFOPLIST_FILE = Aug_24_JSON_NestedWithDecoder_Imp_Demo/Info.plist;
				INFOPLIST_KEY_UIApplicationSupportsIndirectInputEvents = YES;
				INFOPLIST_KEY_UILaunchStoryboardName = LaunchScreen;
				INFOPLIST_KEY_UIMainStoryboardFile = Main;
				INFOPLIST_KEY_UISupportedInterfaceOrientations_iPad = "UIInterfaceOrientationPortrait UIInterfaceOrientationPortraitUpsideDown UIInterfaceOrientationLandscapeLeft UIInterfaceOrientationLandscapeRight";
				INFOPLIST_KEY_UISupportedInterfaceOrientations_iPhone = "UIInterfaceOrientationPortrait UIInterfaceOrientationLandscapeLeft UIInterfaceOrientationLandscapeRight";
				LD_RUNPATH_SEARCH_PATHS = (
					"$(inherited)",
					"@executable_path/Frameworks",
				);
				MARKETING_VERSION = 1.0;
				PRODUCT_BUNDLE_IDENTIFIER = "in.bitcode.Aug-24-JSON-NestedWithDecoder-Imp-Demo";
				PRODUCT_NAME = "$(TARGET_NAME)";
				SWIFT_EMIT_LOC_STRINGS = YES;
				SWIFT_VERSION = 5.0;
				TARGETED_DEVICE_FAMILY = "1,2";
			};
			name = Release;
		};
/* End XCBuildConfiguration section */

/* Begin XCConfigurationList section */
		68807EDC2CDC8D3D005E7E21 /* Build configuration list for PBXProject "Aug_24_JSON_NestedWithDecoder_Imp_Demo" */ = {
			isa = XCConfigurationList;
			buildConfigurations = (
				68807EF32CDC8D3F005E7E21 /* Debug */,
				68807EF42CDC8D3F005E7E21 /* Release */,
			);
			defaultConfigurationIsVisible = 0;
			defaultConfigurationName = Release;
		};
		68807EF52CDC8D3F005E7E21 /* Build configuration list for PBXNativeTarget "Aug_24_JSON_NestedWithDecoder_Imp_Demo" */ = {
			isa = XCConfigurationList;
			buildConfigurations = (
				68807EF62CDC8D3F005E7E21 /* Debug */,
				68807EF72CDC8D3F005E7E21 /* Release */,
			);
			defaultConfigurationIsVisible = 0;
			defaultConfigurationName = Release;
		};
/* End XCConfigurationList section */
	};
	rootObject = 68807ED92CDC8D3D005E7E21 /* Project object */;
}
